
Microsoft Visual Studio Solution File, Format Version 12.00
# Visual Studio Version 16
VisualStudioVersion = 16.0.28606.126
MinimumVisualStudioVersion = 10.0.40219.1
Project("{FAE04EC0-301F-11D3-BF4B-00C04F79EFBC}") = "AwesomeApi", "AwesomeApi\AwesomeApi.csproj", "{4842E16E-A5E9-4D76-806B-E6A8C7F5D974}"
EndProject
Global
	GlobalSection(SolutionConfigurationPlatforms) = preSolution
		Debug|Any CPU = Debug|Any CPU
		Release|Any CPU = Release|Any CPU
	EndGlobalSection
	GlobalSection(ProjectConfigurationPlatforms) = postSolution
		{4842E16E-A5E9-4D76-806B-E6A8C7F5D974}.Debug|Any CPU.ActiveCfg = Debug|Any CPU
		{4842E16E-A5E9-4D76-806B-E6A8C7F5D974}.Debug|Any CPU.Build.0 = Debug|Any CPU
		{4842E16E-A5E9-4D76-806B-E6A8C7F5D974}.Release|Any CPU.ActiveCfg = Release|Any CPU
		{4842E16E-A5E9-4D76-806B-E6A8C7F5D974}.Release|Any CPU.Build.0 = Release|Any CPU
	EndGlobalSection
	GlobalSection(SolutionProperties) = preSolution
		HideSolutionNode = FALSE
	EndGlobalSection
	GlobalSection(ExtensibilityGlobals) = postSolution
		SolutionGuid = {A732C6BF-76F8-49D4-B279-0850A8AD3FDF}
	EndGlobalSection
EndGlobal
